// !$*UTF8*$!
{
	archiveVersion = 1;
	classes = {
	};
	objectVersion = 55;
	objects = {

/* Begin PBXBuildFile section */
		842B29072A81218600FFD1A3 /* BlurryMirrorApp.swift in Sources */ = {isa = PBXBuildFile; fileRef = 842B29062A81218600FFD1A3 /* BlurryMirrorApp.swift */; };
		842B29092A81218600FFD1A3 /* ContentView.swift in Sources */ = {isa = PBXBuildFile; fileRef = 842B29082A81218600FFD1A3 /* ContentView.swift */; };
		842B290B2A81218700FFD1A3 /* Assets.xcassets in Resources */ = {isa = PBXBuildFile; fileRef = 842B290A2A81218700FFD1A3 /* Assets.xcassets */; };
		842B290E2A81218700FFD1A3 /* Preview Assets.xcassets in Resources */ = {isa = PBXBuildFile; fileRef = 842B290D2A81218700FFD1A3 /* Preview Assets.xcassets */; };
		842B29152A82541A00FFD1A3 /* CameraView.swift in Sources */ = {isa = PBXBuildFile; fileRef = 842B29142A82541A00FFD1A3 /* CameraView.swift */; };
		842B29192A8259A300FFD1A3 /* CameraManager.swift in Sources */ = {isa = PBXBuildFile; fileRef = 842B29182A8259A300FFD1A3 /* CameraManager.swift */; };
		842B291B2A8260FF00FFD1A3 /* FrameManager.swift in Sources */ = {isa = PBXBuildFile; fileRef = 842B291A2A8260FF00FFD1A3 /* FrameManager.swift */; };
		84AAA8D72A83C2700057A4E4 /* FrameModel.swift in Sources */ = {isa = PBXBuildFile; fileRef = 84AAA8D62A83C2700057A4E4 /* FrameModel.swift */; };
		84AAA8D92A83C3280057A4E4 /* CGImageExtension.swift in Sources */ = {isa = PBXBuildFile; fileRef = 84AAA8D82A83C3280057A4E4 /* CGImageExtension.swift */; };
		84AAA8DD2A8431BA0057A4E4 /* ErrorView.swift in Sources */ = {isa = PBXBuildFile; fileRef = 84AAA8DC2A8431BA0057A4E4 /* ErrorView.swift */; };
		84AAA8FA2A8ACB040057A4E4 /* BoundedDouble.swift in Sources */ = {isa = PBXBuildFile; fileRef = 84AAA8F92A8ACB040057A4E4 /* BoundedDouble.swift */; };
		84AAA8FF2A8C209E0057A4E4 /* ActivityViewController.swift in Sources */ = {isa = PBXBuildFile; fileRef = 84AAA8FE2A8C209E0057A4E4 /* ActivityViewController.swift */; };
		84AAA9012A8C26000057A4E4 /* ImageSaver.swift in Sources */ = {isa = PBXBuildFile; fileRef = 84AAA9002A8C26000057A4E4 /* ImageSaver.swift */; };
		84B3DFCA2A8D5F27007E5F4D /* PhotoModel.swift in Sources */ = {isa = PBXBuildFile; fileRef = 84B3DFC92A8D5F27007E5F4D /* PhotoModel.swift */; };
		84B3DFCC2A8D616E007E5F4D /* PhotoMenu.swift in Sources */ = {isa = PBXBuildFile; fileRef = 84B3DFCB2A8D616E007E5F4D /* PhotoMenu.swift */; };
		84B3DFCE2A8D62E1007E5F4D /* PhotoView.swift in Sources */ = {isa = PBXBuildFile; fileRef = 84B3DFCD2A8D62E1007E5F4D /* PhotoView.swift */; };
		84B3DFD52A8E2793007E5F4D /* ViewExtension.swift in Sources */ = {isa = PBXBuildFile; fileRef = 84B3DFD42A8E2793007E5F4D /* ViewExtension.swift */; };
		84B3DFD72A8E52A3007E5F4D /* BrightnessModel.swift in Sources */ = {isa = PBXBuildFile; fileRef = 84B3DFD62A8E52A3007E5F4D /* BrightnessModel.swift */; };
		84B3DFD92A8E5641007E5F4D /* MainView.swift in Sources */ = {isa = PBXBuildFile; fileRef = 84B3DFD82A8E5641007E5F4D /* MainView.swift */; };
		84B3DFDB2A8E59E2007E5F4D /* FrameView.swift in Sources */ = {isa = PBXBuildFile; fileRef = 84B3DFDA2A8E59E2007E5F4D /* FrameView.swift */; };
		84B3DFDD2A8E5BC7007E5F4D /* SettingDisplay.swift in Sources */ = {isa = PBXBuildFile; fileRef = 84B3DFDC2A8E5BC7007E5F4D /* SettingDisplay.swift */; };
		84FBA1212A8D4D730022383A /* Icon.swift in Sources */ = {isa = PBXBuildFile; fileRef = 84FBA1202A8D4D730022383A /* Icon.swift */; };
/* End PBXBuildFile section */

/* Begin PBXFileReference section */
		842B29032A81218600FFD1A3 /* Blurry Mirror.app */ = {isa = PBXFileReference; explicitFileType = wrapper.application; includeInIndex = 0; path = "Blurry Mirror.app"; sourceTree = BUILT_PRODUCTS_DIR; };
		842B29062A81218600FFD1A3 /* BlurryMirrorApp.swift */ = {isa = PBXFileReference; lastKnownFileType = sourcecode.swift; path = BlurryMirrorApp.swift; sourceTree = "<group>"; };
		842B29082A81218600FFD1A3 /* ContentView.swift */ = {isa = PBXFileReference; lastKnownFileType = sourcecode.swift; path = ContentView.swift; sourceTree = "<group>"; };
		842B290A2A81218700FFD1A3 /* Assets.xcassets */ = {isa = PBXFileReference; lastKnownFileType = folder.assetcatalog; path = Assets.xcassets; sourceTree = "<group>"; };
		842B290D2A81218700FFD1A3 /* Preview Assets.xcassets */ = {isa = PBXFileReference; lastKnownFileType = folder.assetcatalog; path = "Preview Assets.xcassets"; sourceTree = "<group>"; };
		842B29142A82541A00FFD1A3 /* CameraView.swift */ = {isa = PBXFileReference; lastKnownFileType = sourcecode.swift; path = CameraView.swift; sourceTree = "<group>"; };
		842B29182A8259A300FFD1A3 /* CameraManager.swift */ = {isa = PBXFileReference; lastKnownFileType = sourcecode.swift; path = CameraManager.swift; sourceTree = "<group>"; };
		842B291A2A8260FF00FFD1A3 /* FrameManager.swift */ = {isa = PBXFileReference; lastKnownFileType = sourcecode.swift; path = FrameManager.swift; sourceTree = "<group>"; };
		84AAA8D62A83C2700057A4E4 /* FrameModel.swift */ = {isa = PBXFileReference; lastKnownFileType = sourcecode.swift; path = FrameModel.swift; sourceTree = "<group>"; };
		84AAA8D82A83C3280057A4E4 /* CGImageExtension.swift */ = {isa = PBXFileReference; lastKnownFileType = sourcecode.swift; path = CGImageExtension.swift; sourceTree = "<group>"; };
		84AAA8DC2A8431BA0057A4E4 /* ErrorView.swift */ = {isa = PBXFileReference; lastKnownFileType = sourcecode.swift; path = ErrorView.swift; sourceTree = "<group>"; };
		84AAA8F92A8ACB040057A4E4 /* BoundedDouble.swift */ = {isa = PBXFileReference; lastKnownFileType = sourcecode.swift; path = BoundedDouble.swift; sourceTree = "<group>"; };
		84AAA8FE2A8C209E0057A4E4 /* ActivityViewController.swift */ = {isa = PBXFileReference; lastKnownFileType = sourcecode.swift; path = ActivityViewController.swift; sourceTree = "<group>"; };
		84AAA9002A8C26000057A4E4 /* ImageSaver.swift */ = {isa = PBXFileReference; lastKnownFileType = sourcecode.swift; path = ImageSaver.swift; sourceTree = "<group>"; };
		84B3DFC92A8D5F27007E5F4D /* PhotoModel.swift */ = {isa = PBXFileReference; lastKnownFileType = sourcecode.swift; path = PhotoModel.swift; sourceTree = "<group>"; };
		84B3DFCB2A8D616E007E5F4D /* PhotoMenu.swift */ = {isa = PBXFileReference; lastKnownFileType = sourcecode.swift; path = PhotoMenu.swift; sourceTree = "<group>"; };
		84B3DFCD2A8D62E1007E5F4D /* PhotoView.swift */ = {isa = PBXFileReference; lastKnownFileType = sourcecode.swift; path = PhotoView.swift; sourceTree = "<group>"; };
		84B3DFD42A8E2793007E5F4D /* ViewExtension.swift */ = {isa = PBXFileReference; lastKnownFileType = sourcecode.swift; path = ViewExtension.swift; sourceTree = "<group>"; };
		84B3DFD62A8E52A3007E5F4D /* BrightnessModel.swift */ = {isa = PBXFileReference; lastKnownFileType = sourcecode.swift; path = BrightnessModel.swift; sourceTree = "<group>"; };
		84B3DFD82A8E5641007E5F4D /* MainView.swift */ = {isa = PBXFileReference; lastKnownFileType = sourcecode.swift; path = MainView.swift; sourceTree = "<group>"; };
		84B3DFDA2A8E59E2007E5F4D /* FrameView.swift */ = {isa = PBXFileReference; lastKnownFileType = sourcecode.swift; path = FrameView.swift; sourceTree = "<group>"; };
		84B3DFDC2A8E5BC7007E5F4D /* SettingDisplay.swift */ = {isa = PBXFileReference; lastKnownFileType = sourcecode.swift; path = SettingDisplay.swift; sourceTree = "<group>"; };
		84FBA1202A8D4D730022383A /* Icon.swift */ = {isa = PBXFileReference; lastKnownFileType = sourcecode.swift; path = Icon.swift; sourceTree = "<group>"; };
/* End PBXFileReference section */

/* Begin PBXFrameworksBuildPhase section */
		842B29002A81218600FFD1A3 /* Frameworks */ = {
			isa = PBXFrameworksBuildPhase;
			buildActionMask = 2147483647;
			files = (
			);
			runOnlyForDeploymentPostprocessing = 0;
		};
/* End PBXFrameworksBuildPhase section */

/* Begin PBXGroup section */
		842B28FA2A81218500FFD1A3 = {
			isa = PBXGroup;
			children = (
				842B29052A81218600FFD1A3 /* BlurryMirror */,
				842B29042A81218600FFD1A3 /* Products */,
			);
			sourceTree = "<group>";
		};
		842B29042A81218600FFD1A3 /* Products */ = {
			isa = PBXGroup;
			children = (
				842B29032A81218600FFD1A3 /* Blurry Mirror.app */,
			);
			name = Products;
			sourceTree = "<group>";
		};
		842B29052A81218600FFD1A3 /* BlurryMirror */ = {
			isa = PBXGroup;
			children = (
				842B29062A81218600FFD1A3 /* BlurryMirrorApp.swift */,
				84B3DFCF2A8D6B2B007E5F4D /* data */,
				84FBA11F2A8D4D4B0022383A /* views */,
				84AAA8F82A8ACAEA0057A4E4 /* lib */,
				842B290A2A81218700FFD1A3 /* Assets.xcassets */,
				842B290C2A81218700FFD1A3 /* Preview Content */,
			);
			path = BlurryMirror;
			sourceTree = "<group>";
		};
		842B290C2A81218700FFD1A3 /* Preview Content */ = {
			isa = PBXGroup;
			children = (
				842B290D2A81218700FFD1A3 /* Preview Assets.xcassets */,
			);
			path = "Preview Content";
			sourceTree = "<group>";
		};
		84AAA8F82A8ACAEA0057A4E4 /* lib */ = {
			isa = PBXGroup;
			children = (
				84AAA8FE2A8C209E0057A4E4 /* ActivityViewController.swift */,
				84AAA8F92A8ACB040057A4E4 /* BoundedDouble.swift */,
				84AAA8D82A83C3280057A4E4 /* CGImageExtension.swift */,
				84B3DFD42A8E2793007E5F4D /* ViewExtension.swift */,
			);
			path = lib;
			sourceTree = "<group>";
		};
		84B3DFCF2A8D6B2B007E5F4D /* data */ = {
			isa = PBXGroup;
			children = (
				842B29182A8259A300FFD1A3 /* CameraManager.swift */,
				842B291A2A8260FF00FFD1A3 /* FrameManager.swift */,
				84AAA8D62A83C2700057A4E4 /* FrameModel.swift */,
				84B3DFD62A8E52A3007E5F4D /* BrightnessModel.swift */,
				84B3DFC92A8D5F27007E5F4D /* PhotoModel.swift */,
				84AAA9002A8C26000057A4E4 /* ImageSaver.swift */,
			);
			path = data;
			sourceTree = "<group>";
		};
		84FBA11F2A8D4D4B0022383A /* views */ = {
			isa = PBXGroup;
			children = (
				842B29082A81218600FFD1A3 /* ContentView.swift */,
				84B3DFD82A8E5641007E5F4D /* MainView.swift */,
				842B29142A82541A00FFD1A3 /* CameraView.swift */,
				84B3DFDA2A8E59E2007E5F4D /* FrameView.swift */,
				84B3DFDC2A8E5BC7007E5F4D /* SettingDisplay.swift */,
				84B3DFCD2A8D62E1007E5F4D /* PhotoView.swift */,
				84B3DFCB2A8D616E007E5F4D /* PhotoMenu.swift */,
				84AAA8DC2A8431BA0057A4E4 /* ErrorView.swift */,
				84FBA1202A8D4D730022383A /* Icon.swift */,
			);
			path = views;
			sourceTree = "<group>";
		};
/* End PBXGroup section */

/* Begin PBXNativeTarget section */
		842B29022A81218600FFD1A3 /* BlurryMirror */ = {
			isa = PBXNativeTarget;
			buildConfigurationList = 842B29112A81218700FFD1A3 /* Build configuration list for PBXNativeTarget "BlurryMirror" */;
			buildPhases = (
				842B28FF2A81218600FFD1A3 /* Sources */,
				842B29002A81218600FFD1A3 /* Frameworks */,
				842B29012A81218600FFD1A3 /* Resources */,
			);
			buildRules = (
			);
			dependencies = (
			);
			name = BlurryMirror;
			productName = BlurryMirror;
			productReference = 842B29032A81218600FFD1A3 /* Blurry Mirror.app */;
			productType = "com.apple.product-type.application";
		};
/* End PBXNativeTarget section */

/* Begin PBXProject section */
		842B28FB2A81218500FFD1A3 /* Project object */ = {
			isa = PBXProject;
			attributes = {
				BuildIndependentTargetsInParallel = 1;
				LastSwiftUpdateCheck = 1320;
				LastUpgradeCheck = 1320;
				TargetAttributes = {
					842B29022A81218600FFD1A3 = {
						CreatedOnToolsVersion = 13.2.1;
					};
				};
			};
			buildConfigurationList = 842B28FE2A81218500FFD1A3 /* Build configuration list for PBXProject "BlurryMirror" */;
			compatibilityVersion = "Xcode 13.0";
			developmentRegion = en;
			hasScannedForEncodings = 0;
			knownRegions = (
				en,
				Base,
			);
			mainGroup = 842B28FA2A81218500FFD1A3;
			productRefGroup = 842B29042A81218600FFD1A3 /* Products */;
			projectDirPath = "";
			projectRoot = "";
			targets = (
				842B29022A81218600FFD1A3 /* BlurryMirror */,
			);
		};
/* End PBXProject section */

/* Begin PBXResourcesBuildPhase section */
		842B29012A81218600FFD1A3 /* Resources */ = {
			isa = PBXResourcesBuildPhase;
			buildActionMask = 2147483647;
			files = (
				842B290E2A81218700FFD1A3 /* Preview Assets.xcassets in Resources */,
				842B290B2A81218700FFD1A3 /* Assets.xcassets in Resources */,
			);
			runOnlyForDeploymentPostprocessing = 0;
		};
/* End PBXResourcesBuildPhase section */

/* Begin PBXSourcesBuildPhase section */
		842B28FF2A81218600FFD1A3 /* Sources */ = {
			isa = PBXSourcesBuildPhase;
			buildActionMask = 2147483647;
			files = (
				84B3DFD72A8E52A3007E5F4D /* BrightnessModel.swift in Sources */,
				84B3DFD92A8E5641007E5F4D /* MainView.swift in Sources */,
				842B291B2A8260FF00FFD1A3 /* FrameManager.swift in Sources */,
				842B29152A82541A00FFD1A3 /* CameraView.swift in Sources */,
				84AAA8D92A83C3280057A4E4 /* CGImageExtension.swift in Sources */,
				84B3DFCE2A8D62E1007E5F4D /* PhotoView.swift in Sources */,
				84AAA8FF2A8C209E0057A4E4 /* ActivityViewController.swift in Sources */,
				84AAA8D72A83C2700057A4E4 /* FrameModel.swift in Sources */,
				84B3DFD52A8E2793007E5F4D /* ViewExtension.swift in Sources */,
				84B3DFDD2A8E5BC7007E5F4D /* SettingDisplay.swift in Sources */,
				842B29092A81218600FFD1A3 /* ContentView.swift in Sources */,
				84B3DFDB2A8E59E2007E5F4D /* FrameView.swift in Sources */,
				84FBA1212A8D4D730022383A /* Icon.swift in Sources */,
				84B3DFCC2A8D616E007E5F4D /* PhotoMenu.swift in Sources */,
				84AAA8FA2A8ACB040057A4E4 /* BoundedDouble.swift in Sources */,
				84AAA9012A8C26000057A4E4 /* ImageSaver.swift in Sources */,
				842B29192A8259A300FFD1A3 /* CameraManager.swift in Sources */,
				842B29072A81218600FFD1A3 /* BlurryMirrorApp.swift in Sources */,
				84B3DFCA2A8D5F27007E5F4D /* PhotoModel.swift in Sources */,
				84AAA8DD2A8431BA0057A4E4 /* ErrorView.swift in Sources */,
			);
			runOnlyForDeploymentPostprocessing = 0;
		};
/* End PBXSourcesBuildPhase section */

/* Begin XCBuildConfiguration section */
		842B290F2A81218700FFD1A3 /* Debug */ = {
			isa = XCBuildConfiguration;
			buildSettings = {
				ALWAYS_SEARCH_USER_PATHS = NO;
				CLANG_ANALYZER_NONNULL = YES;
				CLANG_ANALYZER_NUMBER_OBJECT_CONVERSION = YES_AGGRESSIVE;
				CLANG_CXX_LANGUAGE_STANDARD = "gnu++17";
				CLANG_CXX_LIBRARY = "libc++";
				CLANG_ENABLE_MODULES = YES;
				CLANG_ENABLE_OBJC_ARC = YES;
				CLANG_ENABLE_OBJC_WEAK = YES;
				CLANG_WARN_BLOCK_CAPTURE_AUTORELEASING = YES;
				CLANG_WARN_BOOL_CONVERSION = YES;
				CLANG_WARN_COMMA = YES;
				CLANG_WARN_CONSTANT_CONVERSION = YES;
				CLANG_WARN_DEPRECATED_OBJC_IMPLEMENTATIONS = YES;
				CLANG_WARN_DIRECT_OBJC_ISA_USAGE = YES_ERROR;
				CLANG_WARN_DOCUMENTATION_COMMENTS = YES;
				CLANG_WARN_EMPTY_BODY = YES;
				CLANG_WARN_ENUM_CONVERSION = YES;
				CLANG_WARN_INFINITE_RECURSION = YES;
				CLANG_WARN_INT_CONVERSION = YES;
				CLANG_WARN_NON_LITERAL_NULL_CONVERSION = YES;
				CLANG_WARN_OBJC_IMPLICIT_RETAIN_SELF = YES;
				CLANG_WARN_OBJC_LITERAL_CONVERSION = YES;
				CLANG_WARN_OBJC_ROOT_CLASS = YES_ERROR;
				CLANG_WARN_QUOTED_INCLUDE_IN_FRAMEWORK_HEADER = YES;
				CLANG_WARN_RANGE_LOOP_ANALYSIS = YES;
				CLANG_WARN_STRICT_PROTOTYPES = YES;
				CLANG_WARN_SUSPICIOUS_MOVE = YES;
				CLANG_WARN_UNGUARDED_AVAILABILITY = YES_AGGRESSIVE;
				CLANG_WARN_UNREACHABLE_CODE = YES;
				CLANG_WARN__DUPLICATE_METHOD_MATCH = YES;
				COPY_PHASE_STRIP = NO;
				DEBUG_INFORMATION_FORMAT = dwarf;
				ENABLE_STRICT_OBJC_MSGSEND = YES;
				ENABLE_TESTABILITY = YES;
				GCC_C_LANGUAGE_STANDARD = gnu11;
				GCC_DYNAMIC_NO_PIC = NO;
				GCC_NO_COMMON_BLOCKS = YES;
				GCC_OPTIMIZATION_LEVEL = 0;
				GCC_PREPROCESSOR_DEFINITIONS = (
					"DEBUG=1",
					"$(inherited)",
				);
				GCC_WARN_64_TO_32_BIT_CONVERSION = YES;
				GCC_WARN_ABOUT_RETURN_TYPE = YES_ERROR;
				GCC_WARN_UNDECLARED_SELECTOR = YES;
				GCC_WARN_UNINITIALIZED_AUTOS = YES_AGGRESSIVE;
				GCC_WARN_UNUSED_FUNCTION = YES;
				GCC_WARN_UNUSED_VARIABLE = YES;
				IPHONEOS_DEPLOYMENT_TARGET = 15.2;
				MTL_ENABLE_DEBUG_INFO = INCLUDE_SOURCE;
				MTL_FAST_MATH = YES;
				ONLY_ACTIVE_ARCH = YES;
				SDKROOT = iphoneos;
				SWIFT_ACTIVE_COMPILATION_CONDITIONS = DEBUG;
				SWIFT_OPTIMIZATION_LEVEL = "-Onone";
			};
			name = Debug;
		};
		842B29102A81218700FFD1A3 /* Release */ = {
			isa = XCBuildConfiguration;
			buildSettings = {
				ALWAYS_SEARCH_USER_PATHS = NO;
				CLANG_ANALYZER_NONNULL = YES;
				CLANG_ANALYZER_NUMBER_OBJECT_CONVERSION = YES_AGGRESSIVE;
				CLANG_CXX_LANGUAGE_STANDARD = "gnu++17";
				CLANG_CXX_LIBRARY = "libc++";
				CLANG_ENABLE_MODULES = YES;
				CLANG_ENABLE_OBJC_ARC = YES;
				CLANG_ENABLE_OBJC_WEAK = YES;
				CLANG_WARN_BLOCK_CAPTURE_AUTORELEASING = YES;
				CLANG_WARN_BOOL_CONVERSION = YES;
				CLANG_WARN_COMMA = YES;
				CLANG_WARN_CONSTANT_CONVERSION = YES;
				CLANG_WARN_DEPRECATED_OBJC_IMPLEMENTATIONS = YES;
				CLANG_WARN_DIRECT_OBJC_ISA_USAGE = YES_ERROR;
				CLANG_WARN_DOCUMENTATION_COMMENTS = YES;
				CLANG_WARN_EMPTY_BODY = YES;
				CLANG_WARN_ENUM_CONVERSION = YES;
				CLANG_WARN_INFINITE_RECURSION = YES;
				CLANG_WARN_INT_CONVERSION = YES;
				CLANG_WARN_NON_LITERAL_NULL_CONVERSION = YES;
				CLANG_WARN_OBJC_IMPLICIT_RETAIN_SELF = YES;
				CLANG_WARN_OBJC_LITERAL_CONVERSION = YES;
				CLANG_WARN_OBJC_ROOT_CLASS = YES_ERROR;
				CLANG_WARN_QUOTED_INCLUDE_IN_FRAMEWORK_HEADER = YES;
				CLANG_WARN_RANGE_LOOP_ANALYSIS = YES;
				CLANG_WARN_STRICT_PROTOTYPES = YES;
				CLANG_WARN_SUSPICIOUS_MOVE = YES;
				CLANG_WARN_UNGUARDED_AVAILABILITY = YES_AGGRESSIVE;
				CLANG_WARN_UNREACHABLE_CODE = YES;
				CLANG_WARN__DUPLICATE_METHOD_MATCH = YES;
				COPY_PHASE_STRIP = NO;
				DEBUG_INFORMATION_FORMAT = "dwarf-with-dsym";
				ENABLE_NS_ASSERTIONS = NO;
				ENABLE_STRICT_OBJC_MSGSEND = YES;
				GCC_C_LANGUAGE_STANDARD = gnu11;
				GCC_NO_COMMON_BLOCKS = YES;
				GCC_WARN_64_TO_32_BIT_CONVERSION = YES;
				GCC_WARN_ABOUT_RETURN_TYPE = YES_ERROR;
				GCC_WARN_UNDECLARED_SELECTOR = YES;
				GCC_WARN_UNINITIALIZED_AUTOS = YES_AGGRESSIVE;
				GCC_WARN_UNUSED_FUNCTION = YES;
				GCC_WARN_UNUSED_VARIABLE = YES;
				IPHONEOS_DEPLOYMENT_TARGET = 15.2;
				MTL_ENABLE_DEBUG_INFO = NO;
				MTL_FAST_MATH = YES;
				SDKROOT = iphoneos;
				SWIFT_COMPILATION_MODE = wholemodule;
				SWIFT_OPTIMIZATION_LEVEL = "-O";
				VALIDATE_PRODUCT = YES;
			};
			name = Release;
		};
		842B29122A81218700FFD1A3 /* Debug */ = {
			isa = XCBuildConfiguration;
			buildSettings = {
				ASSETCATALOG_COMPILER_APPICON_NAME = AppIcon;
				ASSETCATALOG_COMPILER_GLOBAL_ACCENT_COLOR_NAME = AccentColor;
				CODE_SIGN_STYLE = Automatic;
				CURRENT_PROJECT_VERSION = 1;
				DEVELOPMENT_ASSET_PATHS = "\"BlurryMirror/Preview Content\"";
				DEVELOPMENT_TEAM = 65LE28YDNU;
				ENABLE_PREVIEWS = YES;
				GENERATE_INFOPLIST_FILE = YES;
				INFOPLIST_KEY_CFBundleDisplayName = "";
				INFOPLIST_KEY_LSApplicationCategoryType = "";
				INFOPLIST_KEY_NSCameraUsageDescription = "To show a mirror";
				INFOPLIST_KEY_NSPhotoLibraryAddUsageDescription = "To add captured images to Photos";
				INFOPLIST_KEY_UIApplicationSceneManifest_Generation = YES;
				INFOPLIST_KEY_UIApplicationSupportsIndirectInputEvents = YES;
				INFOPLIST_KEY_UILaunchScreen_Generation = YES;
				INFOPLIST_KEY_UISupportedInterfaceOrientations_iPad = "UIInterfaceOrientationPortrait UIInterfaceOrientationPortraitUpsideDown UIInterfaceOrientationLandscapeLeft UIInterfaceOrientationLandscapeRight";
				INFOPLIST_KEY_UISupportedInterfaceOrientations_iPhone = "UIInterfaceOrientationPortrait UIInterfaceOrientationLandscapeLeft UIInterfaceOrientationLandscapeRight";
				LD_RUNPATH_SEARCH_PATHS = (
					"$(inherited)",
					"@executable_path/Frameworks",
				);
				MARKETING_VERSION = 1.0;
				PRODUCT_BUNDLE_IDENTIFIER = com.gilleswittenberg.BlurryMirror;
				PRODUCT_NAME = "Blurry Mirror";
				SWIFT_EMIT_LOC_STRINGS = YES;
				SWIFT_VERSION = 5.0;
				TARGETED_DEVICE_FAMILY = "1,2";
			};
			name = Debug;
		};
		842B29132A81218700FFD1A3 /* Release */ = {
			isa = XCBuildConfiguration;
			buildSettings = {
				ASSETCATALOG_COMPILER_APPICON_NAME = AppIcon;
				ASSETCATALOG_COMPILER_GLOBAL_ACCENT_COLOR_NAME = AccentColor;
				CODE_SIGN_STYLE = Automatic;
				CURRENT_PROJECT_VERSION = 1;
				DEVELOPMENT_ASSET_PATHS = "\"BlurryMirror/Preview Content\"";
				DEVELOPMENT_TEAM = 65LE28YDNU;
				ENABLE_PREVIEWS = YES;
				GENERATE_INFOPLIST_FILE = YES;
				INFOPLIST_KEY_CFBundleDisplayName = "";
				INFOPLIST_KEY_LSApplicationCategoryType = "";
				INFOPLIST_KEY_NSCameraUsageDescription = "To show a mirror";
				INFOPLIST_KEY_NSPhotoLibraryAddUsageDescription = "To add captured images to Photos";
				INFOPLIST_KEY_UIApplicationSceneManifest_Generation = YES;
				INFOPLIST_KEY_UIApplicationSupportsIndirectInputEvents = YES;
				INFOPLIST_KEY_UILaunchScreen_Generation = YES;
				INFOPLIST_KEY_UISupportedInterfaceOrientations_iPad = "UIInterfaceOrientationPortrait UIInterfaceOrientationPortraitUpsideDown UIInterfaceOrientationLandscapeLeft UIInterfaceOrientationLandscapeRight";
				INFOPLIST_KEY_UISupportedInterfaceOrientations_iPhone = "UIInterfaceOrientationPortrait UIInterfaceOrientationLandscapeLeft UIInterfaceOrientationLandscapeRight";
				LD_RUNPATH_SEARCH_PATHS = (
					"$(inherited)",
					"@executable_path/Frameworks",
				);
				MARKETING_VERSION = 1.0;
				PRODUCT_BUNDLE_IDENTIFIER = com.gilleswittenberg.BlurryMirror;
				PRODUCT_NAME = "Blurry Mirror";
				SWIFT_EMIT_LOC_STRINGS = YES;
				SWIFT_VERSION = 5.0;
				TARGETED_DEVICE_FAMILY = "1,2";
			};
			name = Release;
		};
/* End XCBuildConfiguration section */

/* Begin XCConfigurationList section */
		842B28FE2A81218500FFD1A3 /* Build configuration list for PBXProject "BlurryMirror" */ = {
			isa = XCConfigurationList;
			buildConfigurations = (
				842B290F2A81218700FFD1A3 /* Debug */,
				842B29102A81218700FFD1A3 /* Release */,
			);
			defaultConfigurationIsVisible = 0;
			defaultConfigurationName = Release;
		};
		842B29112A81218700FFD1A3 /* Build configuration list for PBXNativeTarget "BlurryMirror" */ = {
			isa = XCConfigurationList;
			buildConfigurations = (
				842B29122A81218700FFD1A3 /* Debug */,
				842B29132A81218700FFD1A3 /* Release */,
			);
			defaultConfigurationIsVisible = 0;
			defaultConfigurationName = Release;
		};
/* End XCConfigurationList section */
	};
	rootObject = 842B28FB2A81218500FFD1A3 /* Project object */;
}
